// !$*UTF8*$!
{
	archiveVersion = 1;
	classes = {
	};
	objectVersion = 46;
	objects = {

/* Begin PBXBuildFile section */
		39ED20B4191F8DDC00F488DE /* Foundation.framework in Frameworks */ = {isa = PBXBuildFile; fileRef = 39ED20B3191F8DDC00F488DE /* Foundation.framework */; };
		39ED20B6191F8DDC00F488DE /* CoreGraphics.framework in Frameworks */ = {isa = PBXBuildFile; fileRef = 39ED20B5191F8DDC00F488DE /* CoreGraphics.framework */; };
		39ED20B8191F8DDC00F488DE /* UIKit.framework in Frameworks */ = {isa = PBXBuildFile; fileRef = 39ED20B7191F8DDC00F488DE /* UIKit.framework */; };
		39ED20BE191F8DDC00F488DE /* InfoPlist.strings in Resources */ = {isa = PBXBuildFile; fileRef = 39ED20BC191F8DDC00F488DE /* InfoPlist.strings */; };
		39ED20C0191F8DDC00F488DE /* main.m in Sources */ = {isa = PBXBuildFile; fileRef = 39ED20BF191F8DDC00F488DE /* main.m */; };
		39ED20C4191F8DDC00F488DE /* MSAppDelegate.m in Sources */ = {isa = PBXBuildFile; fileRef = 39ED20C3191F8DDC00F488DE /* MSAppDelegate.m */; };
		39ED20C7191F8DDC00F488DE /* Main.storyboard in Resources */ = {isa = PBXBuildFile; fileRef = 39ED20C5191F8DDC00F488DE /* Main.storyboard */; };
		39ED20CA191F8DDC00F488DE /* MSViewController.m in Sources */ = {isa = PBXBuildFile; fileRef = 39ED20C9191F8DDC00F488DE /* MSViewController.m */; };
		39ED20CC191F8DDC00F488DE /* Images.xcassets in Resources */ = {isa = PBXBuildFile; fileRef = 39ED20CB191F8DDC00F488DE /* Images.xcassets */; };
		39ED20D3191F8DDC00F488DE /* XCTest.framework in Frameworks */ = {isa = PBXBuildFile; fileRef = 39ED20D2191F8DDC00F488DE /* XCTest.framework */; };
		39ED20D4191F8DDC00F488DE /* Foundation.framework in Frameworks */ = {isa = PBXBuildFile; fileRef = 39ED20B3191F8DDC00F488DE /* Foundation.framework */; };
		39ED20D5191F8DDC00F488DE /* UIKit.framework in Frameworks */ = {isa = PBXBuildFile; fileRef = 39ED20B7191F8DDC00F488DE /* UIKit.framework */; };
		39ED20DD191F8DDC00F488DE /* InfoPlist.strings in Resources */ = {isa = PBXBuildFile; fileRef = 39ED20DB191F8DDC00F488DE /* InfoPlist.strings */; };
		39ED20DF191F8DDC00F488DE /* User_Data_Challenge_SolutionTests.m in Sources */ = {isa = PBXBuildFile; fileRef = 39ED20DE191F8DDC00F488DE /* User_Data_Challenge_SolutionTests.m */; };
/* End PBXBuildFile section */

/* Begin PBXContainerItemProxy section */
		39ED20D6191F8DDC00F488DE /* PBXContainerItemProxy */ = {
			isa = PBXContainerItemProxy;
			containerPortal = 39ED20A8191F8DDC00F488DE /* Project object */;
			proxyType = 1;
			remoteGlobalIDString = 39ED20AF191F8DDC00F488DE;
			remoteInfo = "User Data Challenge Solution";
		};
/* End PBXContainerItemProxy section */

/* Begin PBXFileReference section */
		39ED20B0191F8DDC00F488DE /* User Data Challenge Solution.app */ = {isa = PBXFileReference; explicitFileType = wrapper.application; includeInIndex = 0; path = "User Data Challenge Solution.app"; sourceTree = BUILT_PRODUCTS_DIR; };
		39ED20B3191F8DDC00F488DE /* Foundation.framework */ = {isa = PBXFileReference; lastKnownFileType = wrapper.framework; name = Foundation.framework; path = System/Library/Frameworks/Foundation.framework; sourceTree = SDKROOT; };
		39ED20B5191F8DDC00F488DE /* CoreGraphics.framework */ = {isa = PBXFileReference; lastKnownFileType = wrapper.framework; name = CoreGraphics.framework; path = System/Library/Frameworks/CoreGraphics.framework; sourceTree = SDKROOT; };
		39ED20B7191F8DDC00F488DE /* UIKit.framework */ = {isa = PBXFileReference; lastKnownFileType = wrapper.framework; name = UIKit.framework; path = System/Library/Frameworks/UIKit.framework; sourceTree = SDKROOT; };
		39ED20BB191F8DDC00F488DE /* User Data Challenge Solution-Info.plist */ = {isa = PBXFileReference; lastKnownFileType = text.plist.xml; path = "User Data Challenge Solution-Info.plist"; sourceTree = "<group>"; };
		39ED20BD191F8DDC00F488DE /* en */ = {isa = PBXFileReference; lastKnownFileType = text.plist.strings; name = en; path = en.lproj/InfoPlist.strings; sourceTree = "<group>"; };
		39ED20BF191F8DDC00F488DE /* main.m */ = {isa = PBXFileReference; lastKnownFileType = sourcecode.c.objc; path = main.m; sourceTree = "<group>"; };
		39ED20C1191F8DDC00F488DE /* User Data Challenge Solution-Prefix.pch */ = {isa = PBXFileReference; lastKnownFileType = sourcecode.c.h; path = "User Data Challenge Solution-Prefix.pch"; sourceTree = "<group>"; };
		39ED20C2191F8DDC00F488DE /* MSAppDelegate.h */ = {isa = PBXFileReference; lastKnownFileType = sourcecode.c.h; path = MSAppDelegate.h; sourceTree = "<group>"; };
		39ED20C3191F8DDC00F488DE /* MSAppDelegate.m */ = {isa = PBXFileReference; lastKnownFileType = sourcecode.c.objc; path = MSAppDelegate.m; sourceTree = "<group>"; };
		39ED20C6191F8DDC00F488DE /* Base */ = {isa = PBXFileReference; lastKnownFileType = file.storyboard; name = Base; path = Base.lproj/Main.storyboard; sourceTree = "<group>"; };
		39ED20C8191F8DDC00F488DE /* MSViewController.h */ = {isa = PBXFileReference; lastKnownFileType = sourcecode.c.h; path = MSViewController.h; sourceTree = "<group>"; };
		39ED20C9191F8DDC00F488DE /* MSViewController.m */ = {isa = PBXFileReference; lastKnownFileType = sourcecode.c.objc; path = MSViewController.m; sourceTree = "<group>"; };
		39ED20CB191F8DDC00F488DE /* Images.xcassets */ = {isa = PBXFileReference; lastKnownFileType = folder.assetcatalog; path = Images.xcassets; sourceTree = "<group>"; };
		39ED20D1191F8DDC00F488DE /* User Data Challenge SolutionTests.xctest */ = {isa = PBXFileReference; explicitFileType = wrapper.cfbundle; includeInIndex = 0; path = "User Data Challenge SolutionTests.xctest"; sourceTree = BUILT_PRODUCTS_DIR; };
		39ED20D2191F8DDC00F488DE /* XCTest.framework */ = {isa = PBXFileReference; lastKnownFileType = wrapper.framework; name = XCTest.framework; path = Library/Frameworks/XCTest.framework; sourceTree = DEVELOPER_DIR; };
		39ED20DA191F8DDC00F488DE /* User Data Challenge SolutionTests-Info.plist */ = {isa = PBXFileReference; lastKnownFileType = text.plist.xml; path = "User Data Challenge SolutionTests-Info.plist"; sourceTree = "<group>"; };
		39ED20DC191F8DDC00F488DE /* en */ = {isa = PBXFileReference; lastKnownFileType = text.plist.strings; name = en; path = en.lproj/InfoPlist.strings; sourceTree = "<group>"; };
		39ED20DE191F8DDC00F488DE /* User_Data_Challenge_SolutionTests.m */ = {isa = PBXFileReference; lastKnownFileType = sourcecode.c.objc; path = User_Data_Challenge_SolutionTests.m; sourceTree = "<group>"; };
/* End PBXFileReference section */

/* Begin PBXFrameworksBuildPhase section */
		39ED20AD191F8DDC00F488DE /* Frameworks */ = {
			isa = PBXFrameworksBuildPhase;
			buildActionMask = 2147483647;
			files = (
				39ED20B6191F8DDC00F488DE /* CoreGraphics.framework in Frameworks */,
				39ED20B8191F8DDC00F488DE /* UIKit.framework in Frameworks */,
				39ED20B4191F8DDC00F488DE /* Foundation.framework in Frameworks */,
			);
			runOnlyForDeploymentPostprocessing = 0;
		};
		39ED20CE191F8DDC00F488DE /* Frameworks */ = {
			isa = PBXFrameworksBuildPhase;
			buildActionMask = 2147483647;
			files = (
				39ED20D3191F8DDC00F488DE /* XCTest.framework in Frameworks */,
				39ED20D5191F8DDC00F488DE /* UIKit.framework in Frameworks */,
				39ED20D4191F8DDC00F488DE /* Foundation.framework in Frameworks */,
			);
			runOnlyForDeploymentPostprocessing = 0;
		};
/* End PBXFrameworksBuildPhase section */

/* Begin PBXGroup section */
		39ED20A7191F8DDC00F488DE = {
			isa = PBXGroup;
			children = (
				39ED20B9191F8DDC00F488DE /* User Data Challenge Solution */,
				39ED20D8191F8DDC00F488DE /* User Data Challenge SolutionTests */,
				39ED20B2191F8DDC00F488DE /* Frameworks */,
				39ED20B1191F8DDC00F488DE /* Products */,
			);
			sourceTree = "<group>";
		};
		39ED20B1191F8DDC00F488DE /* Products */ = {
			isa = PBXGroup;
			children = (
				39ED20B0191F8DDC00F488DE /* User Data Challenge Solution.app */,
				39ED20D1191F8DDC00F488DE /* User Data Challenge SolutionTests.xctest */,
			);
			name = Products;
			sourceTree = "<group>";
		};
		39ED20B2191F8DDC00F488DE /* Frameworks */ = {
			isa = PBXGroup;
			children = (
				39ED20B3191F8DDC00F488DE /* Foundation.framework */,
				39ED20B5191F8DDC00F488DE /* CoreGraphics.framework */,
				39ED20B7191F8DDC00F488DE /* UIKit.framework */,
				39ED20D2191F8DDC00F488DE /* XCTest.framework */,
			);
			name = Frameworks;
			sourceTree = "<group>";
		};
		39ED20B9191F8DDC00F488DE /* User Data Challenge Solution */ = {
			isa = PBXGroup;
			children = (
				39ED20C2191F8DDC00F488DE /* MSAppDelegate.h */,
				39ED20C3191F8DDC00F488DE /* MSAppDelegate.m */,
				39ED20C5191F8DDC00F488DE /* Main.storyboard */,
				39ED20C8191F8DDC00F488DE /* MSViewController.h */,
				39ED20C9191F8DDC00F488DE /* MSViewController.m */,
				39ED20CB191F8DDC00F488DE /* Images.xcassets */,
				39ED20BA191F8DDC00F488DE /* Supporting Files */,
			);
			path = "User Data Challenge Solution";
			sourceTree = "<group>";
		};
		39ED20BA191F8DDC00F488DE /* Supporting Files */ = {
			isa = PBXGroup;
			children = (
				39ED20BB191F8DDC00F488DE /* User Data Challenge Solution-Info.plist */,
				39ED20BC191F8DDC00F488DE /* InfoPlist.strings */,
				39ED20BF191F8DDC00F488DE /* main.m */,
				39ED20C1191F8DDC00F488DE /* User Data Challenge Solution-Prefix.pch */,
			);
			name = "Supporting Files";
			sourceTree = "<group>";
		};
		39ED20D8191F8DDC00F488DE /* User Data Challenge SolutionTests */ = {
			isa = PBXGroup;
			children = (
				39ED20DE191F8DDC00F488DE /* User_Data_Challenge_SolutionTests.m */,
				39ED20D9191F8DDC00F488DE /* Supporting Files */,
			);
			path = "User Data Challenge SolutionTests";
			sourceTree = "<group>";
		};
		39ED20D9191F8DDC00F488DE /* Supporting Files */ = {
			isa = PBXGroup;
			children = (
				39ED20DA191F8DDC00F488DE /* User Data Challenge SolutionTests-Info.plist */,
				39ED20DB191F8DDC00F488DE /* InfoPlist.strings */,
			);
			name = "Supporting Files";
			sourceTree = "<group>";
		};
/* End PBXGroup section */

/* Begin PBXNativeTarget section */
		39ED20AF191F8DDC00F488DE /* User Data Challenge Solution */ = {
			isa = PBXNativeTarget;
			buildConfigurationList = 39ED20E2191F8DDC00F488DE /* Build configuration list for PBXNativeTarget "User Data Challenge Solution" */;
			buildPhases = (
				39ED20AC191F8DDC00F488DE /* Sources */,
				39ED20AD191F8DDC00F488DE /* Frameworks */,
				39ED20AE191F8DDC00F488DE /* Resources */,
			);
			buildRules = (
			);
			dependencies = (
			);
			name = "User Data Challenge Solution";
			productName = "User Data Challenge Solution";
			productReference = 39ED20B0191F8DDC00F488DE /* User Data Challenge Solution.app */;
			productType = "com.apple.product-type.application";
		};
		39ED20D0191F8DDC00F488DE /* User Data Challenge SolutionTests */ = {
			isa = PBXNativeTarget;
			buildConfigurationList = 39ED20E5191F8DDC00F488DE /* Build configuration list for PBXNativeTarget "User Data Challenge SolutionTests" */;
			buildPhases = (
				39ED20CD191F8DDC00F488DE /* Sources */,
				39ED20CE191F8DDC00F488DE /* Frameworks */,
				39ED20CF191F8DDC00F488DE /* Resources */,
			);
			buildRules = (
			);
			dependencies = (
				39ED20D7191F8DDC00F488DE /* PBXTargetDependency */,
			);
			name = "User Data Challenge SolutionTests";
			productName = "User Data Challenge SolutionTests";
			productReference = 39ED20D1191F8DDC00F488DE /* User Data Challenge SolutionTests.xctest */;
			productType = "com.apple.product-type.bundle.unit-test";
		};
/* End PBXNativeTarget section */

/* Begin PBXProject section */
		39ED20A8191F8DDC00F488DE /* Project object */ = {
			isa = PBXProject;
			attributes = {
				CLASSPREFIX = MS;
				LastUpgradeCheck = 0510;
				ORGANIZATIONNAME = "Miguel Serrano";
				TargetAttributes = {
					39ED20D0191F8DDC00F488DE = {
						TestTargetID = 39ED20AF191F8DDC00F488DE;
					};
				};
			};
			buildConfigurationList = 39ED20AB191F8DDC00F488DE /* Build configuration list for PBXProject "User Data Challenge Solution" */;
			compatibilityVersion = "Xcode 3.2";
			developmentRegion = English;
			hasScannedForEncodings = 0;
			knownRegions = (
				en,
				Base,
			);
			mainGroup = 39ED20A7191F8DDC00F488DE;
			productRefGroup = 39ED20B1191F8DDC00F488DE /* Products */;
			projectDirPath = "";
			projectRoot = "";
			targets = (
				39ED20AF191F8DDC00F488DE /* User Data Challenge Solution */,
				39ED20D0191F8DDC00F488DE /* User Data Challenge SolutionTests */,
			);
		};
/* End PBXProject section */

/* Begin PBXResourcesBuildPhase section */
		39ED20AE191F8DDC00F488DE /* Resources */ = {
			isa = PBXResourcesBuildPhase;
			buildActionMask = 2147483647;
			files = (
				39ED20CC191F8DDC00F488DE /* Images.xcassets in Resources */,
				39ED20BE191F8DDC00F488DE /* InfoPlist.strings in Resources */,
				39ED20C7191F8DDC00F488DE /* Main.storyboard in Resources */,
			);
			runOnlyForDeploymentPostprocessing = 0;
		};
		39ED20CF191F8DDC00F488DE /* Resources */ = {
			isa = PBXResourcesBuildPhase;
			buildActionMask = 2147483647;
			files = (
				39ED20DD191F8DDC00F488DE /* InfoPlist.strings in Resources */,
			);
			runOnlyForDeploymentPostprocessing = 0;
		};
/* End PBXResourcesBuildPhase section */

/* Begin PBXSourcesBuildPhase section */
		39ED20AC191F8DDC00F488DE /* Sources */ = {
			isa = PBXSourcesBuildPhase;
			buildActionMask = 2147483647;
			files = (
				39ED20C4191F8DDC00F488DE /* MSAppDelegate.m in Sources */,
				39ED20CA191F8DDC00F488DE /* MSViewController.m in Sources */,
				39ED20C0191F8DDC00F488DE /* main.m in Sources */,
			);
			runOnlyForDeploymentPostprocessing = 0;
		};
		39ED20CD191F8DDC00F488DE /* Sources */ = {
			isa = PBXSourcesBuildPhase;
			buildActionMask = 2147483647;
			files = (
				39ED20DF191F8DDC00F488DE /* User_Data_Challenge_SolutionTests.m in Sources */,
			);
			runOnlyForDeploymentPostprocessing = 0;
		};
/* End PBXSourcesBuildPhase section */

/* Begin PBXTargetDependency section */
		39ED20D7191F8DDC00F488DE /* PBXTargetDependency */ = {
			isa = PBXTargetDependency;
			target = 39ED20AF191F8DDC00F488DE /* User Data Challenge Solution */;
			targetProxy = 39ED20D6191F8DDC00F488DE /* PBXContainerItemProxy */;
		};
/* End PBXTargetDependency section */

/* Begin PBXVariantGroup section */
		39ED20BC191F8DDC00F488DE /* InfoPlist.strings */ = {
			isa = PBXVariantGroup;
			children = (
				39ED20BD191F8DDC00F488DE /* en */,
			);
			name = InfoPlist.strings;
			sourceTree = "<group>";
		};
		39ED20C5191F8DDC00F488DE /* Main.storyboard */ = {
			isa = PBXVariantGroup;
			children = (
				39ED20C6191F8DDC00F488DE /* Base */,
			);
			name = Main.storyboard;
			sourceTree = "<group>";
		};
		39ED20DB191F8DDC00F488DE /* InfoPlist.strings */ = {
			isa = PBXVariantGroup;
			children = (
				39ED20DC191F8DDC00F488DE /* en */,
			);
			name = InfoPlist.strings;
			sourceTree = "<group>";
		};
/* End PBXVariantGroup section */

/* Begin XCBuildConfiguration section */
		39ED20E0191F8DDC00F488DE /* Debug */ = {
			isa = XCBuildConfiguration;
			buildSettings = {
				ALWAYS_SEARCH_USER_PATHS = NO;
				CLANG_CXX_LANGUAGE_STANDARD = "gnu++0x";
				CLANG_CXX_LIBRARY = "libc++";
				CLANG_ENABLE_MODULES = YES;
				CLANG_ENABLE_OBJC_ARC = YES;
				CLANG_WARN_BOOL_CONVERSION = YES;
				CLANG_WARN_CONSTANT_CONVERSION = YES;
				CLANG_WARN_DIRECT_OBJC_ISA_USAGE = YES_ERROR;
				CLANG_WARN_EMPTY_BODY = YES;
				CLANG_WARN_ENUM_CONVERSION = YES;
				CLANG_WARN_INT_CONVERSION = YES;
				CLANG_WARN_OBJC_ROOT_CLASS = YES_ERROR;
				CLANG_WARN__DUPLICATE_METHOD_MATCH = YES;
				"CODE_SIGN_IDENTITY[sdk=iphoneos*]" = "iPhone Developer";
				COPY_PHASE_STRIP = NO;
				GCC_C_LANGUAGE_STANDARD = gnu99;
				GCC_DYNAMIC_NO_PIC = NO;
				GCC_OPTIMIZATION_LEVEL = 0;
				GCC_PREPROCESSOR_DEFINITIONS = (
					"DEBUG=1",
					"$(inherited)",
				);
				GCC_SYMBOLS_PRIVATE_EXTERN = NO;
				GCC_WARN_64_TO_32_BIT_CONVERSION = YES;
				GCC_WARN_ABOUT_RETURN_TYPE = YES_ERROR;
				GCC_WARN_UNDECLARED_SELECTOR = YES;
				GCC_WARN_UNINITIALIZED_AUTOS = YES_AGGRESSIVE;
				GCC_WARN_UNUSED_FUNCTION = YES;
				GCC_WARN_UNUSED_VARIABLE = YES;
				IPHONEOS_DEPLOYMENT_TARGET = 7.1;
				ONLY_ACTIVE_ARCH = YES;
				SDKROOT = iphoneos;
			};
			name = Debug;
		};
		39ED20E1191F8DDC00F488DE /* Release */ = {
			isa = XCBuildConfiguration;
			buildSettings = {
				ALWAYS_SEARCH_USER_PATHS = NO;
				CLANG_CXX_LANGUAGE_STANDARD = "gnu++0x";
				CLANG_CXX_LIBRARY = "libc++";
				CLANG_ENABLE_MODULES = YES;
				CLANG_ENABLE_OBJC_ARC = YES;
				CLANG_WARN_BOOL_CONVERSION = YES;
				CLANG_WARN_CONSTANT_CONVERSION = YES;
				CLANG_WARN_DIRECT_OBJC_ISA_USAGE = YES_ERROR;
				CLANG_WARN_EMPTY_BODY = YES;
				CLANG_WARN_ENUM_CONVERSION = YES;
				CLANG_WARN_INT_CONVERSION = YES;
				CLANG_WARN_OBJC_ROOT_CLASS = YES_ERROR;
				CLANG_WARN__DUPLICATE_METHOD_MATCH = YES;
				"CODE_SIGN_IDENTITY[sdk=iphoneos*]" = "iPhone Developer";
				COPY_PHASE_STRIP = YES;
				ENABLE_NS_ASSERTIONS = NO;
				GCC_C_LANGUAGE_STANDARD = gnu99;
				GCC_WARN_64_TO_32_BIT_CONVERSION = YES;
				GCC_WARN_ABOUT_RETURN_TYPE = YES_ERROR;
				GCC_WARN_UNDECLARED_SELECTOR = YES;
				GCC_WARN_UNINITIALIZED_AUTOS = YES_AGGRESSIVE;
				GCC_WARN_UNUSED_FUNCTION = YES;
				GCC_WARN_UNUSED_VARIABLE = YES;
				IPHONEOS_DEPLOYMENT_TARGET = 7.1;
				SDKROOT = iphoneos;
				VALIDATE_PRODUCT = YES;
			};
			name = Release;
		};
		39ED20E3191F8DDC00F488DE /* Debug */ = {
			isa = XCBuildConfiguration;
			buildSettings = {
				ASSETCATALOG_COMPILER_APPICON_NAME = AppIcon;
				ASSETCATALOG_COMPILER_LAUNCHIMAGE_NAME = LaunchImage;
				GCC_PRECOMPILE_PREFIX_HEADER = YES;
				GCC_PREFIX_HEADER = "User Data Challenge Solution/User Data Challenge Solution-Prefix.pch";
				INFOPLIST_FILE = "User Data Challenge Solution/User Data Challenge Solution-Info.plist";
				PRODUCT_NAME = "$(TARGET_NAME)";
				WRAPPER_EXTENSION = app;
			};
			name = Debug;
		};
		39ED20E4191F8DDC00F488DE /* Release */ = {
			isa = XCBuildConfiguration;
			buildSettings = {
				ASSETCATALOG_COMPILER_APPICON_NAME = AppIcon;
				ASSETCATALOG_COMPILER_LAUNCHIMAGE_NAME = LaunchImage;
				GCC_PRECOMPILE_PREFIX_HEADER = YES;
				GCC_PREFIX_HEADER = "User Data Challenge Solution/User Data Challenge Solution-Prefix.pch";
				INFOPLIST_FILE = "User Data Challenge Solution/User Data Challenge Solution-Info.plist";
				PRODUCT_NAME = "$(TARGET_NAME)";
				WRAPPER_EXTENSION = app;
			};
			name = Release;
		};
		39ED20E6191F8DDC00F488DE /* Debug */ = {
			isa = XCBuildConfiguration;
			buildSettings = {
				BUNDLE_LOADER = "$(BUILT_PRODUCTS_DIR)/User Data Challenge Solution.app/User Data Challenge Solution";
				FRAMEWORK_SEARCH_PATHS = (
					"$(SDKROOT)/Developer/Library/Frameworks",
					"$(inherited)",
					"$(DEVELOPER_FRAMEWORKS_DIR)",
				);
				GCC_PRECOMPILE_PREFIX_HEADER = YES;
				GCC_PREFIX_HEADER = "User Data Challenge Solution/User Data Challenge Solution-Prefix.pch";
				GCC_PREPROCESSOR_DEFINITIONS = (
					"DEBUG=1",
					"$(inherited)",
				);
				INFOPLIST_FILE = "User Data Challenge SolutionTests/User Data Challenge SolutionTests-Info.plist";
				PRODUCT_NAME = "$(TARGET_NAME)";
				TEST_HOST = "$(BUNDLE_LOADER)";
				WRAPPER_EXTENSION = xctest;
			};
			name = Debug;
		};
		39ED20E7191F8DDC00F488DE /* Release */ = {
			isa = XCBuildConfiguration;
			buildSettings = {
				BUNDLE_LOADER = "$(BUILT_PRODUCTS_DIR)/User Data Challenge Solution.app/User Data Challenge Solution";
				FRAMEWORK_SEARCH_PATHS = (
					"$(SDKROOT)/Developer/Library/Frameworks",
					"$(inherited)",
					"$(DEVELOPER_FRAMEWORKS_DIR)",
				);
				GCC_PRECOMPILE_PREFIX_HEADER = YES;
				GCC_PREFIX_HEADER = "User Data Challenge Solution/User Data Challenge Solution-Prefix.pch";
				INFOPLIST_FILE = "User Data Challenge SolutionTests/User Data Challenge SolutionTests-Info.plist";
				PRODUCT_NAME = "$(TARGET_NAME)";
				TEST_HOST = "$(BUNDLE_LOADER)";
				WRAPPER_EXTENSION = xctest;
			};
			name = Release;
		};
/* End XCBuildConfiguration section */

/* Begin XCConfigurationList section */
		39ED20AB191F8DDC00F488DE /* Build configuration list for PBXProject "User Data Challenge Solution" */ = {
			isa = XCConfigurationList;
			buildConfigurations = (
				39ED20E0191F8DDC00F488DE /* Debug */,
				39ED20E1191F8DDC00F488DE /* Release */,
			);
			defaultConfigurationIsVisible = 0;
			defaultConfigurationName = Release;
		};
		39ED20E2191F8DDC00F488DE /* Build configuration list for PBXNativeTarget "User Data Challenge Solution" */ = {
			isa = XCConfigurationList;
			buildConfigurations = (
				39ED20E3191F8DDC00F488DE /* Debug */,
				39ED20E4191F8DDC00F488DE /* Release */,
			);
			defaultConfigurationIsVisible = 0;
		};
		39ED20E5191F8DDC00F488DE /* Build configuration list for PBXNativeTarget "User Data Challenge SolutionTests" */ = {
			isa = XCConfigurationList;
			buildConfigurations = (
				39ED20E6191F8DDC00F488DE /* Debug */,
				39ED20E7191F8DDC00F488DE /* Release */,
			);
			defaultConfigurationIsVisible = 0;
		};
/* End XCConfigurationList section */
	};
	rootObject = 39ED20A8191F8DDC00F488DE /* Project object */;
}
